
Microsoft Visual Studio Solution File, Format Version 12.00
# Visual Studio Version 17
VisualStudioVersion = 17.7.34202.233
MinimumVisualStudioVersion = 10.0.40219.1
Project("{FAE04EC0-301F-11D3-BF4B-00C04F79EFBC}") = "OgilviesMakeUpModulos", "OgilviesMakeUpModulos\OgilviesMakeUpModulos.csproj", "{A9597643-E80C-4EFA-82CB-610062ABC4F9}"
EndProject
Global
	GlobalSection(SolutionConfigurationPlatforms) = preSolution
		Debug|Any CPU = Debug|Any CPU
		Release|Any CPU = Release|Any CPU
	EndGlobalSection
	GlobalSection(ProjectConfigurationPlatforms) = postSolution
		{A9597643-E80C-4EFA-82CB-610062ABC4F9}.Debug|Any CPU.ActiveCfg = Debug|Any CPU
		{A9597643-E80C-4EFA-82CB-610062ABC4F9}.Debug|Any CPU.Build.0 = Debug|Any CPU
		{A9597643-E80C-4EFA-82CB-610062ABC4F9}.Release|Any CPU.ActiveCfg = Release|Any CPU
		{A9597643-E80C-4EFA-82CB-610062ABC4F9}.Release|Any CPU.Build.0 = Release|Any CPU
	EndGlobalSection
	GlobalSection(SolutionProperties) = preSolution
		HideSolutionNode = FALSE
	EndGlobalSection
	GlobalSection(ExtensibilityGlobals) = postSolution
		SolutionGuid = {DAA9E2B6-5387-402B-9329-3A87F478A345}
	EndGlobalSection
EndGlobal
